lockfileVersion: 5.3

specifiers:
  nextkit: ^3.1.0
  typescript: ^4.6.2

dependencies:
  nextkit: 3.1.0

devDependencies:
  typescript: 4.6.2

packages:

  /alistair/1.4.0:
    resolution: {integrity: sha512-tLMp9xn+Q4nwgUPmQJV9gDgHydTfLlAJckd0V+Xm+K9UmVOryMgP3DQfT3dk0ij6QmwnNGwY650hovv1IU8dcA==}
    peerDependencies:
      react: '*'
    dependencies:
      urlcat: 2.0.4
    dev: false

  /nextkit/3.1.0:
    resolution: {integrity: sha512-wWbBgJNEPt+UPEOTzum2thILpw0FPrcyjP5ebPp6NoSIflWYOnFlaAjO/tVBZneSpKGgGvjk5mhqkMSm4uG53A==}
    peerDependencies:
      next: '*'
    dependencies:
      alistair: 1.4.0
    transitivePeerDependencies:
      - react
    dev: false

  /typescript/4.6.2:
    resolution: {integrity: sha512-HM/hFigTBHZhLXshn9sN37H085+hQGeJHJ/X7LpBWLID/fbc2acUMfU+lGD98X81sKP+pFa9f0DZmCwB9GnbAg==}
    engines: {node: '>=4.2.0'}
    hasBin: true
    dev: true

  /urlcat/2.0.4:
    resolution: {integrity: sha512-12c4Vi40DHVdZ/8mOLjZjp0asCzM6hi8Gj116fpImRP1FN4gBMCtMi9XhLNOmre/FEQYNqHbZmX8iyYAtIcy8Q==}
    dev: false
